// !$*UTF8*$!
{
	archiveVersion = 1;
	classes = {
	};
	objectVersion = 77;
	objects = {

/* Begin PBXContainerItemProxy section */
		A4176C952CBD4F9B00A946BB /* PBXContainerItemProxy */ = {
			isa = PBXContainerItemProxy;
			containerPortal = A4176C772CBD4F9900A946BB /* Project object */;
			proxyType = 1;
			remoteGlobalIDString = A4176C7E2CBD4F9900A946BB;
			remoteInfo = moodlog;
		};
		A4176C9F2CBD4F9B00A946BB /* PBXContainerItemProxy */ = {
			isa = PBXContainerItemProxy;
			containerPortal = A4176C772CBD4F9900A946BB /* Project object */;
			proxyType = 1;
			remoteGlobalIDString = A4176C7E2CBD4F9900A946BB;
			remoteInfo = moodlog;
		};
/* End PBXContainerItemProxy section */

/* Begin PBXFileReference section */
		A4176C7F2CBD4F9900A946BB /* moodlog.app */ = {isa = PBXFileReference; explicitFileType = wrapper.application; includeInIndex = 0; path = moodlog.app; sourceTree = BUILT_PRODUCTS_DIR; };
		A4176C942CBD4F9B00A946BB /* moodlogTests.xctest */ = {isa = PBXFileReference; explicitFileType = wrapper.cfbundle; includeInIndex = 0; path = moodlogTests.xctest; sourceTree = BUILT_PRODUCTS_DIR; };
		A4176C9E2CBD4F9B00A946BB /* moodlogUITests.xctest */ = {isa = PBXFileReference; explicitFileType = wrapper.cfbundle; includeInIndex = 0; path = moodlogUITests.xctest; sourceTree = BUILT_PRODUCTS_DIR; };
/* End PBXFileReference section */

/* Begin PBXFileSystemSynchronizedRootGroup section */
		A4176C812CBD4F9900A946BB /* moodlog */ = {
			isa = PBXFileSystemSynchronizedRootGroup;
			path = moodlog;
			sourceTree = "<group>";
		};
		A4176C972CBD4F9B00A946BB /* moodlogTests */ = {
			isa = PBXFileSystemSynchronizedRootGroup;
			path = moodlogTests;
			sourceTree = "<group>";
		};
		A4176CA12CBD4F9B00A946BB /* moodlogUITests */ = {
			isa = PBXFileSystemSynchronizedRootGroup;
			path = moodlogUITests;
			sourceTree = "<group>";
		};
/* End PBXFileSystemSynchronizedRootGroup section */

/* Begin PBXFrameworksBuildPhase section */
		A4176C7C2CBD4F9900A946BB /* Frameworks */ = {
			isa = PBXFrameworksBuildPhase;
			buildActionMask = 2147483647;
			files = (
			);
			runOnlyForDeploymentPostprocessing = 0;
		};
		A4176C912CBD4F9B00A946BB /* Frameworks */ = {
			isa = PBXFrameworksBuildPhase;
			buildActionMask = 2147483647;
			files = (
			);
			runOnlyForDeploymentPostprocessing = 0;
		};
		A4176C9B2CBD4F9B00A946BB /* Frameworks */ = {
			isa = PBXFrameworksBuildPhase;
			buildActionMask = 2147483647;
			files = (
			);
			runOnlyForDeploymentPostprocessing = 0;
		};
/* End PBXFrameworksBuildPhase section */

/* Begin PBXGroup section */
		A4176C762CBD4F9900A946BB = {
			isa = PBXGroup;
			children = (
				A4176C812CBD4F9900A946BB /* moodlog */,
				A4176C972CBD4F9B00A946BB /* moodlogTests */,
				A4176CA12CBD4F9B00A946BB /* moodlogUITests */,
				A4176C802CBD4F9900A946BB /* Products */,
			);
			sourceTree = "<group>";
		};
		A4176C802CBD4F9900A946BB /* Products */ = {
			isa = PBXGroup;
			children = (
				A4176C7F2CBD4F9900A946BB /* moodlog.app */,
				A4176C942CBD4F9B00A946BB /* moodlogTests.xctest */,
				A4176C9E2CBD4F9B00A946BB /* moodlogUITests.xctest */,
			);
			name = Products;
			sourceTree = "<group>";
		};
/* End PBXGroup section */

/* Begin PBXNativeTarget section */
		A4176C7E2CBD4F9900A946BB /* moodlog */ = {
			isa = PBXNativeTarget;
			buildConfigurationList = A4176CA82CBD4F9B00A946BB /* Build configuration list for PBXNativeTarget "moodlog" */;
			buildPhases = (
				A4176C7B2CBD4F9900A946BB /* Sources */,
				A4176C7C2CBD4F9900A946BB /* Frameworks */,
				A4176C7D2CBD4F9900A946BB /* Resources */,
			);
			buildRules = (
			);
			dependencies = (
			);
			fileSystemSynchronizedGroups = (
				A4176C812CBD4F9900A946BB /* moodlog */,
			);
			name = moodlog;
			packageProductDependencies = (
			);
			productName = moodlog;
			productReference = A4176C7F2CBD4F9900A946BB /* moodlog.app */;
			productType = "com.apple.product-type.application";
		};
		A4176C932CBD4F9B00A946BB /* moodlogTests */ = {
			isa = PBXNativeTarget;
			buildConfigurationList = A4176CAB2CBD4F9B00A946BB /* Build configuration list for PBXNativeTarget "moodlogTests" */;
			buildPhases = (
				A4176C902CBD4F9B00A946BB /* Sources */,
				A4176C912CBD4F9B00A946BB /* Frameworks */,
				A4176C922CBD4F9B00A946BB /* Resources */,
			);
			buildRules = (
			);
			dependencies = (
				A4176C962CBD4F9B00A946BB /* PBXTargetDependency */,
			);
			fileSystemSynchronizedGroups = (
				A4176C972CBD4F9B00A946BB /* moodlogTests */,
			);
			name = moodlogTests;
			packageProductDependencies = (
			);
			productName = moodlogTests;
			productReference = A4176C942CBD4F9B00A946BB /* moodlogTests.xctest */;
			productType = "com.apple.product-type.bundle.unit-test";
		};
		A4176C9D2CBD4F9B00A946BB /* moodlogUITests */ = {
			isa = PBXNativeTarget;
			buildConfigurationList = A4176CAE2CBD4F9B00A946BB /* Build configuration list for PBXNativeTarget "moodlogUITests" */;
			buildPhases = (
				A4176C9A2CBD4F9B00A946BB /* Sources */,
				A4176C9B2CBD4F9B00A946BB /* Frameworks */,
				A4176C9C2CBD4F9B00A946BB /* Resources */,
			);
			buildRules = (
			);
			dependencies = (
				A4176CA02CBD4F9B00A946BB /* PBXTargetDependency */,
			);
			fileSystemSynchronizedGroups = (
				A4176CA12CBD4F9B00A946BB /* moodlogUITests */,
			);
			name = moodlogUITests;
			packageProductDependencies = (
			);
			productName = moodlogUITests;
			productReference = A4176C9E2CBD4F9B00A946BB /* moodlogUITests.xctest */;
			productType = "com.apple.product-type.bundle.ui-testing";
		};
/* End PBXNativeTarget section */

/* Begin PBXProject section */
		A4176C772CBD4F9900A946BB /* Project object */ = {
			isa = PBXProject;
			attributes = {
				BuildIndependentTargetsInParallel = 1;
				LastSwiftUpdateCheck = 1600;
				LastUpgradeCheck = 1600;
				TargetAttributes = {
					A4176C7E2CBD4F9900A946BB = {
						CreatedOnToolsVersion = 16.0;
					};
					A4176C932CBD4F9B00A946BB = {
						CreatedOnToolsVersion = 16.0;
						TestTargetID = A4176C7E2CBD4F9900A946BB;
					};
					A4176C9D2CBD4F9B00A946BB = {
						CreatedOnToolsVersion = 16.0;
						TestTargetID = A4176C7E2CBD4F9900A946BB;
					};
				};
			};
			buildConfigurationList = A4176C7A2CBD4F9900A946BB /* Build configuration list for PBXProject "moodlog" */;
			developmentRegion = en;
			hasScannedForEncodings = 0;
			knownRegions = (
				en,
				Base,
			);
			mainGroup = A4176C762CBD4F9900A946BB;
			minimizedProjectReferenceProxies = 1;
			preferredProjectObjectVersion = 77;
			productRefGroup = A4176C802CBD4F9900A946BB /* Products */;
			projectDirPath = "";
			projectRoot = "";
			targets = (
				A4176C7E2CBD4F9900A946BB /* moodlog */,
				A4176C932CBD4F9B00A946BB /* moodlogTests */,
				A4176C9D2CBD4F9B00A946BB /* moodlogUITests */,
			);
		};
/* End PBXProject section */

/* Begin PBXResourcesBuildPhase section */
		A4176C7D2CBD4F9900A946BB /* Resources */ = {
			isa = PBXResourcesBuildPhase;
			buildActionMask = 2147483647;
			files = (
			);
			runOnlyForDeploymentPostprocessing = 0;
		};
		A4176C922CBD4F9B00A946BB /* Resources */ = {
			isa = PBXResourcesBuildPhase;
			buildActionMask = 2147483647;
			files = (
			);
			runOnlyForDeploymentPostprocessing = 0;
		};
		A4176C9C2CBD4F9B00A946BB /* Resources */ = {
			isa = PBXResourcesBuildPhase;
			buildActionMask = 2147483647;
			files = (
			);
			runOnlyForDeploymentPostprocessing = 0;
		};
/* End PBXResourcesBuildPhase section */

/* Begin PBXSourcesBuildPhase section */
		A4176C7B2CBD4F9900A946BB /* Sources */ = {
			isa = PBXSourcesBuildPhase;
			buildActionMask = 2147483647;
			files = (
			);
			runOnlyForDeploymentPostprocessing = 0;
		};
		A4176C902CBD4F9B00A946BB /* Sources */ = {
			isa = PBXSourcesBuildPhase;
			buildActionMask = 2147483647;
			files = (
			);
			runOnlyForDeploymentPostprocessing = 0;
		};
		A4176C9A2CBD4F9B00A946BB /* Sources */ = {
			isa = PBXSourcesBuildPhase;
			buildActionMask = 2147483647;
			files = (
			);
			runOnlyForDeploymentPostprocessing = 0;
		};
/* End PBXSourcesBuildPhase section */

/* Begin PBXTargetDependency section */
		A4176C962CBD4F9B00A946BB /* PBXTargetDependency */ = {
			isa = PBXTargetDependency;
			target = A4176C7E2CBD4F9900A946BB /* moodlog */;
			targetProxy = A4176C952CBD4F9B00A946BB /* PBXContainerItemProxy */;
		};
		A4176CA02CBD4F9B00A946BB /* PBXTargetDependency */ = {
			isa = PBXTargetDependency;
			target = A4176C7E2CBD4F9900A946BB /* moodlog */;
			targetProxy = A4176C9F2CBD4F9B00A946BB /* PBXContainerItemProxy */;
		};
/* End PBXTargetDependency section */

/* Begin XCBuildConfiguration section */
		A4176CA62CBD4F9B00A946BB /* Debug */ = {
			isa = XCBuildConfiguration;
			buildSettings = {
				ALWAYS_SEARCH_USER_PATHS = NO;
				ASSETCATALOG_COMPILER_GENERATE_SWIFT_ASSET_SYMBOL_EXTENSIONS = YES;
				CLANG_ANALYZER_NONNULL = YES;
				CLANG_ANALYZER_NUMBER_OBJECT_CONVERSION = YES_AGGRESSIVE;
				CLANG_CXX_LANGUAGE_STANDARD = "gnu++20";
				CLANG_ENABLE_MODULES = YES;
				CLANG_ENABLE_OBJC_ARC = YES;
				CLANG_ENABLE_OBJC_WEAK = YES;
				CLANG_WARN_BLOCK_CAPTURE_AUTORELEASING = YES;
				CLANG_WARN_BOOL_CONVERSION = YES;
				CLANG_WARN_COMMA = YES;
				CLANG_WARN_CONSTANT_CONVERSION = YES;
				CLANG_WARN_DEPRECATED_OBJC_IMPLEMENTATIONS = YES;
				CLANG_WARN_DIRECT_OBJC_ISA_USAGE = YES_ERROR;
				CLANG_WARN_DOCUMENTATION_COMMENTS = YES;
				CLANG_WARN_EMPTY_BODY = YES;
				CLANG_WARN_ENUM_CONVERSION = YES;
				CLANG_WARN_INFINITE_RECURSION = YES;
				CLANG_WARN_INT_CONVERSION = YES;
				CLANG_WARN_NON_LITERAL_NULL_CONVERSION = YES;
				CLANG_WARN_OBJC_IMPLICIT_RETAIN_SELF = YES;
				CLANG_WARN_OBJC_LITERAL_CONVERSION = YES;
				CLANG_WARN_OBJC_ROOT_CLASS = YES_ERROR;
				CLANG_WARN_QUOTED_INCLUDE_IN_FRAMEWORK_HEADER = YES;
				CLANG_WARN_RANGE_LOOP_ANALYSIS = YES;
				CLANG_WARN_STRICT_PROTOTYPES = YES;
				CLANG_WARN_SUSPICIOUS_MOVE = YES;
				CLANG_WARN_UNGUARDED_AVAILABILITY = YES_AGGRESSIVE;
				CLANG_WARN_UNREACHABLE_CODE = YES;
				CLANG_WARN__DUPLICATE_METHOD_MATCH = YES;
				COPY_PHASE_STRIP = NO;
				DEBUG_INFORMATION_FORMAT = dwarf;
				ENABLE_STRICT_OBJC_MSGSEND = YES;
				ENABLE_TESTABILITY = YES;
				ENABLE_USER_SCRIPT_SANDBOXING = YES;
				GCC_C_LANGUAGE_STANDARD = gnu17;
				GCC_DYNAMIC_NO_PIC = NO;
				GCC_NO_COMMON_BLOCKS = YES;
				GCC_OPTIMIZATION_LEVEL = 0;
				GCC_PREPROCESSOR_DEFINITIONS = (
					"DEBUG=1",
					"$(inherited)",
				);
				GCC_WARN_64_TO_32_BIT_CONVERSION = YES;
				GCC_WARN_ABOUT_RETURN_TYPE = YES_ERROR;
				GCC_WARN_UNDECLARED_SELECTOR = YES;
				GCC_WARN_UNINITIALIZED_AUTOS = YES_AGGRESSIVE;
				GCC_WARN_UNUSED_FUNCTION = YES;
				GCC_WARN_UNUSED_VARIABLE = YES;
				IPHONEOS_DEPLOYMENT_TARGET = 18.0;
				LOCALIZATION_PREFERS_STRING_CATALOGS = YES;
				MTL_ENABLE_DEBUG_INFO = INCLUDE_SOURCE;
				MTL_FAST_MATH = YES;
				ONLY_ACTIVE_ARCH = YES;
				SDKROOT = iphoneos;
				SWIFT_ACTIVE_COMPILATION_CONDITIONS = "DEBUG $(inherited)";
				SWIFT_OPTIMIZATION_LEVEL = "-Onone";
			};
			name = Debug;
		};
		A4176CA72CBD4F9B00A946BB /* Release */ = {
			isa = XCBuildConfiguration;
			buildSettings = {
				ALWAYS_SEARCH_USER_PATHS = NO;
				ASSETCATALOG_COMPILER_GENERATE_SWIFT_ASSET_SYMBOL_EXTENSIONS = YES;
				CLANG_ANALYZER_NONNULL = YES;
				CLANG_ANALYZER_NUMBER_OBJECT_CONVERSION = YES_AGGRESSIVE;
				CLANG_CXX_LANGUAGE_STANDARD = "gnu++20";
				CLANG_ENABLE_MODULES = YES;
				CLANG_ENABLE_OBJC_ARC = YES;
				CLANG_ENABLE_OBJC_WEAK = YES;
				CLANG_WARN_BLOCK_CAPTURE_AUTORELEASING = YES;
				CLANG_WARN_BOOL_CONVERSION = YES;
				CLANG_WARN_COMMA = YES;
				CLANG_WARN_CONSTANT_CONVERSION = YES;
				CLANG_WARN_DEPRECATED_OBJC_IMPLEMENTATIONS = YES;
				CLANG_WARN_DIRECT_OBJC_ISA_USAGE = YES_ERROR;
				CLANG_WARN_DOCUMENTATION_COMMENTS = YES;
				CLANG_WARN_EMPTY_BODY = YES;
				CLANG_WARN_ENUM_CONVERSION = YES;
				CLANG_WARN_INFINITE_RECURSION = YES;
				CLANG_WARN_INT_CONVERSION = YES;
				CLANG_WARN_NON_LITERAL_NULL_CONVERSION = YES;
				CLANG_WARN_OBJC_IMPLICIT_RETAIN_SELF = YES;
				CLANG_WARN_OBJC_LITERAL_CONVERSION = YES;
				CLANG_WARN_OBJC_ROOT_CLASS = YES_ERROR;
				CLANG_WARN_QUOTED_INCLUDE_IN_FRAMEWORK_HEADER = YES;
				CLANG_WARN_RANGE_LOOP_ANALYSIS = YES;
				CLANG_WARN_STRICT_PROTOTYPES = YES;
				CLANG_WARN_SUSPICIOUS_MOVE = YES;
				CLANG_WARN_UNGUARDED_AVAILABILITY = YES_AGGRESSIVE;
				CLANG_WARN_UNREACHABLE_CODE = YES;
				CLANG_WARN__DUPLICATE_METHOD_MATCH = YES;
				COPY_PHASE_STRIP = NO;
				DEBUG_INFORMATION_FORMAT = "dwarf-with-dsym";
				ENABLE_NS_ASSERTIONS = NO;
				ENABLE_STRICT_OBJC_MSGSEND = YES;
				ENABLE_USER_SCRIPT_SANDBOXING = YES;
				GCC_C_LANGUAGE_STANDARD = gnu17;
				GCC_NO_COMMON_BLOCKS = YES;
				GCC_WARN_64_TO_32_BIT_CONVERSION = YES;
				GCC_WARN_ABOUT_RETURN_TYPE = YES_ERROR;
				GCC_WARN_UNDECLARED_SELECTOR = YES;
				GCC_WARN_UNINITIALIZED_AUTOS = YES_AGGRESSIVE;
				GCC_WARN_UNUSED_FUNCTION = YES;
				GCC_WARN_UNUSED_VARIABLE = YES;
				IPHONEOS_DEPLOYMENT_TARGET = 18.0;
				LOCALIZATION_PREFERS_STRING_CATALOGS = YES;
				MTL_ENABLE_DEBUG_INFO = NO;
				MTL_FAST_MATH = YES;
				SDKROOT = iphoneos;
				SWIFT_COMPILATION_MODE = wholemodule;
				VALIDATE_PRODUCT = YES;
			};
			name = Release;
		};
		A4176CA92CBD4F9B00A946BB /* Debug */ = {
			isa = XCBuildConfiguration;
			buildSettings = {
				ASSETCATALOG_COMPILER_APPICON_NAME = AppIcon;
				ASSETCATALOG_COMPILER_GLOBAL_ACCENT_COLOR_NAME = AccentColor;
				CODE_SIGN_STYLE = Automatic;
				CURRENT_PROJECT_VERSION = 1;
				DEVELOPMENT_ASSET_PATHS = "\"moodlog/Preview Content\"";
				ENABLE_PREVIEWS = YES;
				GENERATE_INFOPLIST_FILE = YES;
				INFOPLIST_KEY_UIApplicationSceneManifest_Generation = YES;
				INFOPLIST_KEY_UIApplicationSupportsIndirectInputEvents = YES;
				INFOPLIST_KEY_UILaunchScreen_Generation = YES;
				INFOPLIST_KEY_UISupportedInterfaceOrientations_iPad = "UIInterfaceOrientationPortrait UIInterfaceOrientationPortraitUpsideDown UIInterfaceOrientationLandscapeLeft UIInterfaceOrientationLandscapeRight";
				INFOPLIST_KEY_UISupportedInterfaceOrientations_iPhone = "UIInterfaceOrientationPortrait UIInterfaceOrientationLandscapeLeft UIInterfaceOrientationLandscapeRight";
				LD_RUNPATH_SEARCH_PATHS = (
					"$(inherited)",
					"@executable_path/Frameworks",
				);
				MARKETING_VERSION = 1.0;
				PRODUCT_BUNDLE_IDENTIFIER = saraf.kartik.moodlog;
				PRODUCT_NAME = "$(TARGET_NAME)";
				SWIFT_EMIT_LOC_STRINGS = YES;
				SWIFT_VERSION = 5.0;
				TARGETED_DEVICE_FAMILY = "1,2";
			};
			name = Debug;
		};
		A4176CAA2CBD4F9B00A946BB /* Release */ = {
			isa = XCBuildConfiguration;
			buildSettings = {
				ASSETCATALOG_COMPILER_APPICON_NAME = AppIcon;
				ASSETCATALOG_COMPILER_GLOBAL_ACCENT_COLOR_NAME = AccentColor;
				CODE_SIGN_STYLE = Automatic;
				CURRENT_PROJECT_VERSION = 1;
				DEVELOPMENT_ASSET_PATHS = "\"moodlog/Preview Content\"";
				ENABLE_PREVIEWS = YES;
				GENERATE_INFOPLIST_FILE = YES;
				INFOPLIST_KEY_UIApplicationSceneManifest_Generation = YES;
				INFOPLIST_KEY_UIApplicationSupportsIndirectInputEvents = YES;
				INFOPLIST_KEY_UILaunchScreen_Generation = YES;
				INFOPLIST_KEY_UISupportedInterfaceOrientations_iPad = "UIInterfaceOrientationPortrait UIInterfaceOrientationPortraitUpsideDown UIInterfaceOrientationLandscapeLeft UIInterfaceOrientationLandscapeRight";
				INFOPLIST_KEY_UISupportedInterfaceOrientations_iPhone = "UIInterfaceOrientationPortrait UIInterfaceOrientationLandscapeLeft UIInterfaceOrientationLandscapeRight";
				LD_RUNPATH_SEARCH_PATHS = (
					"$(inherited)",
					"@executable_path/Frameworks",
				);
				MARKETING_VERSION = 1.0;
				PRODUCT_BUNDLE_IDENTIFIER = saraf.kartik.moodlog;
				PRODUCT_NAME = "$(TARGET_NAME)";
				SWIFT_EMIT_LOC_STRINGS = YES;
				SWIFT_VERSION = 5.0;
				TARGETED_DEVICE_FAMILY = "1,2";
			};
			name = Release;
		};
		A4176CAC2CBD4F9B00A946BB /* Debug */ = {
			isa = XCBuildConfiguration;
			buildSettings = {
				BUNDLE_LOADER = "$(TEST_HOST)";
				CODE_SIGN_STYLE = Automatic;
				CURRENT_PROJECT_VERSION = 1;
				GENERATE_INFOPLIST_FILE = YES;
				IPHONEOS_DEPLOYMENT_TARGET = 18.0;
				MARKETING_VERSION = 1.0;
				PRODUCT_BUNDLE_IDENTIFIER = saraf.kartik.moodlogTests;
				PRODUCT_NAME = "$(TARGET_NAME)";
				SWIFT_EMIT_LOC_STRINGS = NO;
				SWIFT_VERSION = 5.0;
				TARGETED_DEVICE_FAMILY = "1,2";
				TEST_HOST = "$(BUILT_PRODUCTS_DIR)/moodlog.app/$(BUNDLE_EXECUTABLE_FOLDER_PATH)/moodlog";
			};
			name = Debug;
		};
		A4176CAD2CBD4F9B00A946BB /* Release */ = {
			isa = XCBuildConfiguration;
			buildSettings = {
				BUNDLE_LOADER = "$(TEST_HOST)";
				CODE_SIGN_STYLE = Automatic;
				CURRENT_PROJECT_VERSION = 1;
				GENERATE_INFOPLIST_FILE = YES;
				IPHONEOS_DEPLOYMENT_TARGET = 18.0;
				MARKETING_VERSION = 1.0;
				PRODUCT_BUNDLE_IDENTIFIER = saraf.kartik.moodlogTests;
				PRODUCT_NAME = "$(TARGET_NAME)";
				SWIFT_EMIT_LOC_STRINGS = NO;
				SWIFT_VERSION = 5.0;
				TARGETED_DEVICE_FAMILY = "1,2";
				TEST_HOST = "$(BUILT_PRODUCTS_DIR)/moodlog.app/$(BUNDLE_EXECUTABLE_FOLDER_PATH)/moodlog";
			};
			name = Release;
		};
		A4176CAF2CBD4F9B00A946BB /* Debug */ = {
			isa = XCBuildConfiguration;
			buildSettings = {
				CODE_SIGN_STYLE = Automatic;
				CURRENT_PROJECT_VERSION = 1;
				GENERATE_INFOPLIST_FILE = YES;
				MARKETING_VERSION = 1.0;
				PRODUCT_BUNDLE_IDENTIFIER = saraf.kartik.moodlogUITests;
				PRODUCT_NAME = "$(TARGET_NAME)";
				SWIFT_EMIT_LOC_STRINGS = NO;
				SWIFT_VERSION = 5.0;
				TARGETED_DEVICE_FAMILY = "1,2";
				TEST_TARGET_NAME = moodlog;
			};
			name = Debug;
		};
		A4176CB02CBD4F9B00A946BB /* Release */ = {
			isa = XCBuildConfiguration;
			buildSettings = {
				CODE_SIGN_STYLE = Automatic;
				CURRENT_PROJECT_VERSION = 1;
				GENERATE_INFOPLIST_FILE = YES;
				MARKETING_VERSION = 1.0;
				PRODUCT_BUNDLE_IDENTIFIER = saraf.kartik.moodlogUITests;
				PRODUCT_NAME = "$(TARGET_NAME)";
				SWIFT_EMIT_LOC_STRINGS = NO;
				SWIFT_VERSION = 5.0;
				TARGETED_DEVICE_FAMILY = "1,2";
				TEST_TARGET_NAME = moodlog;
			};
			name = Release;
		};
/* End XCBuildConfiguration section */

/* Begin XCConfigurationList section */
		A4176C7A2CBD4F9900A946BB /* Build configuration list for PBXProject "moodlog" */ = {
			isa = XCConfigurationList;
			buildConfigurations = (
				A4176CA62CBD4F9B00A946BB /* Debug */,
				A4176CA72CBD4F9B00A946BB /* Release */,
			);
			defaultConfigurationIsVisible = 0;
			defaultConfigurationName = Release;
		};
		A4176CA82CBD4F9B00A946BB /* Build configuration list for PBXNativeTarget "moodlog" */ = {
			isa = XCConfigurationList;
			buildConfigurations = (
				A4176CA92CBD4F9B00A946BB /* Debug */,
				A4176CAA2CBD4F9B00A946BB /* Release */,
			);
			defaultConfigurationIsVisible = 0;
			defaultConfigurationName = Release;
		};
		A4176CAB2CBD4F9B00A946BB /* Build configuration list for PBXNativeTarget "moodlogTests" */ = {
			isa = XCConfigurationList;
			buildConfigurations = (
				A4176CAC2CBD4F9B00A946BB /* Debug */,
				A4176CAD2CBD4F9B00A946BB /* Release */,
			);
			defaultConfigurationIsVisible = 0;
			defaultConfigurationName = Release;
		};
		A4176CAE2CBD4F9B00A946BB /* Build configuration list for PBXNativeTarget "moodlogUITests" */ = {
			isa = XCConfigurationList;
			buildConfigurations = (
				A4176CAF2CBD4F9B00A946BB /* Debug */,
				A4176CB02CBD4F9B00A946BB /* Release */,
			);
			defaultConfigurationIsVisible = 0;
			defaultConfigurationName = Release;
		};
/* End XCConfigurationList section */
	};
	rootObject = A4176C772CBD4F9900A946BB /* Project object */;
}
